{
  "name": "bpmn",
  "lockfileVersion": 2,
  "requires": true,
  "packages": {
    "": {
      "dependencies": {
        "bpmn-js": "^8.8.3",
        "bpmn-js-properties-panel": "^0.46.0",
        "camunda-bpmn-moddle": "^6.1.1"
      }
    },
    "node_modules/@bpmn-io/element-templates-validator": {
      "version": "0.2.0",
      "resolved": "https://registry.npmjs.org/@bpmn-io/element-templates-validator/-/element-templates-validator-0.2.0.tgz",
      "integrity": "sha512-/ogp0+6zUFdoiY09NYaHL5JtapB8zN1spG8hpML96qetXDCODRxnsqlHTvSwxtZHUDcgun+lxcK8b4wgtCP+6Q==",
      "dependencies": {
        "@camunda/element-templates-json-schema": "^0.4.0",
        "json-source-map": "^0.6.1",
        "min-dash": "^3.7.0"
      }
    },
    "node_modules/@bpmn-io/extract-process-variables": {
      "version": "0.4.4",
      "resolved": "https://registry.npmjs.org/@bpmn-io/extract-process-variables/-/extract-process-variables-0.4.4.tgz",
      "integrity": "sha512-iStnEVSEtOlZoE3ADMImdwhOhxUjXFdwWsCmmJQlyWH5ISmdRvai0Cxuw0spQEYySgIwFsUB0h+ScOCdW6yEBQ==",
      "dependencies": {
        "min-dash": "^3.5.2"
      },
      "peerDependencies": {
        "camunda-bpmn-moddle": "^4.x || ^5.x || ^6.x"
      }
    },
    "node_modules/@camunda/element-templates-json-schema": {
      "version": "0.4.0",
      "resolved": "https://registry.npmjs.org/@camunda/element-templates-json-schema/-/element-templates-json-schema-0.4.0.tgz",
      "integrity": "sha512-M5xW61ba7z2maBxfoT4c1bjuLD8OIL7863et/hULiNG6+R/B9CZ4Qze1juuIfXv4zpF2fYSuUsTPkTtiZrcspQ=="
    },
    "node_modules/bpmn-js": {
      "version": "8.8.3",
      "resolved": "https://registry.npmjs.org/bpmn-js/-/bpmn-js-8.8.3.tgz",
      "integrity": "sha512-dmjXPQ3Tz3Stt8IqMWHj/v3ACsHTgGIYNq4UUwcyJOwPr4e8MIS9Cr99jtnt6L5ptVMDt8dqDWoj3FE3vg3Fog==",
      "dependencies": {
        "bpmn-moddle": "^7.1.2",
        "css.escape": "^1.5.1",
        "diagram-js": "^7.6.3",
        "diagram-js-direct-editing": "^1.6.3",
        "ids": "^1.0.0",
        "inherits": "^2.0.4",
        "min-dash": "^3.5.2",
        "min-dom": "^3.1.3",
        "object-refs": "^0.3.0",
        "tiny-svg": "^2.2.2"
      }
    },
    "node_modules/bpmn-js-properties-panel": {
      "version": "0.46.0",
      "resolved": "https://registry.npmjs.org/bpmn-js-properties-panel/-/bpmn-js-properties-panel-0.46.0.tgz",
      "integrity": "sha512-8MlNvHklIZZQH9vtoKf0A0A1v0sHO4Iz19jGhHeX15czOOiCfdavjo+q23GHWNKzQA9347F91XYFcrnM6FO8zw==",
      "dependencies": {
        "@bpmn-io/element-templates-validator": "^0.2.0",
        "@bpmn-io/extract-process-variables": "^0.4.3",
        "ids": "^1.0.0",
        "inherits": "^2.0.1",
        "lodash": "^4.17.20",
        "min-dom": "^3.1.3",
        "scroll-tabs": "^1.0.1",
        "selection-update": "^0.1.2",
        "semver": "^6.3.0"
      },
      "peerDependencies": {
        "bpmn-js": "^3.x || ^4.x || ^5.x || ^6.x || ^7.x || ^8.x"
      }
    },
    "node_modules/bpmn-moddle": {
      "version": "7.1.2",
      "resolved": "https://registry.npmjs.org/bpmn-moddle/-/bpmn-moddle-7.1.2.tgz",
      "integrity": "sha512-Sax4LokRCTqlg26njjULN3ZGtCmwH5gZVUZTRF0jwJk+YpMQhSfSoUECxjNv8OROoLxu8Z+MjdOHIxgvJf7KwA==",
      "dependencies": {
        "min-dash": "^3.5.2",
        "moddle": "^5.0.2",
        "moddle-xml": "^9.0.5"
      }
    },
    "node_modules/camunda-bpmn-moddle": {
      "version": "6.1.1",
      "resolved": "https://registry.npmjs.org/camunda-bpmn-moddle/-/camunda-bpmn-moddle-6.1.1.tgz",
      "integrity": "sha512-HbYXm9lNPVnGfq4jRRtvR4YgRgw6hGwJ2wFIBghyOQ8fYsqUAPAZ4MJ1pQASZM+XpxmEyRTowc4SiHcAcFbDYw==",
      "dependencies": {
        "min-dash": "^3.5.2"
      },
      "peerDependencies": {
        "bpmn-js": "^6.x || ^7.x || ^8.x",
        "diagram-js": "^5.x || ^6.x || ^7.x"
      }
    },
    "node_modules/component-event": {
      "version": "0.1.4",
      "resolved": "https://registry.npmjs.org/component-event/-/component-event-0.1.4.tgz",
      "integrity": "sha1-PeePwoeCOBeH4kvyp8U2vwFCybQ="
    },
    "node_modules/css.escape": {
      "version": "1.5.1",
      "resolved": "https://registry.npmjs.org/css.escape/-/css.escape-1.5.1.tgz",
      "integrity": "sha1-QuJ9T6BK4y+TGktNQZH6nN3ul8s="
    },
    "node_modules/diagram-js": {
      "version": "7.8.1",
      "resolved": "https://registry.npmjs.org/diagram-js/-/diagram-js-7.8.1.tgz",
      "integrity": "sha512-Ziy5vTmB8V/kxuhgxQXdnNxSYnqlWxFrBih37MOOglDzyQ5mBIA8tFNssp/ncHpZmhTGC8sb54lYknovzyrrzg==",
      "dependencies": {
        "css.escape": "^1.5.1",
        "didi": "^5.2.1",
        "hammerjs": "^2.0.1",
        "inherits": "^2.0.4",
        "min-dash": "^3.5.2",
        "min-dom": "^3.1.3",
        "object-refs": "^0.3.0",
        "path-intersection": "^2.2.1",
        "tiny-svg": "^2.2.2"
      }
    },
    "node_modules/diagram-js-direct-editing": {
      "version": "1.6.3",
      "resolved": "https://registry.npmjs.org/diagram-js-direct-editing/-/diagram-js-direct-editing-1.6.3.tgz",
      "integrity": "sha512-OwDpK4cNJ4QYuV855HvtZcB9/krfZRQ80uaE6bwaKbyb4584sD7nCtR5yWOyhJx4dIh1gMoqhF7d7G57M4tQVQ==",
      "dependencies": {
        "min-dash": "^3.5.2",
        "min-dom": "^3.1.3"
      },
      "peerDependencies": {
        "diagram-js": "^0.x || ^1.x || ^2.x || ^3.x || ^4.x || ^5.x || ^6.x || ^7.x"
      }
    },
    "node_modules/didi": {
      "version": "5.2.1",
      "resolved": "https://registry.npmjs.org/didi/-/didi-5.2.1.tgz",
      "integrity": "sha512-IKNnajUlD4lWMy/Q9Emkk7H1qnzREgY4UyE3IhmOi/9IKua0JYtYldk928bOdt1yNxN8EiOy1sqtSozEYsmjCg=="
    },
    "node_modules/domify": {
      "version": "1.4.1",
      "resolved": "https://registry.npmjs.org/domify/-/domify-1.4.1.tgz",
      "integrity": "sha512-x18nuiDHMCZGXr4KJSRMf/TWYtiaRo6RX8KN9fEbW54mvbQ6pieUuerC2ahBg+kEp1wycFj8MPUI0WkIOw5E9w=="
    },
    "node_modules/hammerjs": {
      "version": "2.0.8",
      "resolved": "https://registry.npmjs.org/hammerjs/-/hammerjs-2.0.8.tgz",
      "integrity": "sha1-BO93hiz/K7edMPdpIJWTAiK/YPE=",
      "engines": {
        "node": ">=0.8.0"
      }
    },
    "node_modules/ids": {
      "version": "1.0.0",
      "resolved": "https://registry.npmjs.org/ids/-/ids-1.0.0.tgz",
      "integrity": "sha512-Zvtq1xUto4LttpstyOlFum8lKx+i1OmRfg+6A9drFS9iSZsDPMHG4Sof/qwNR4kCU7jBeWFPrY2ocHxiz7cCRw=="
    },
    "node_modules/indexof": {
      "version": "0.0.1",
      "resolved": "https://registry.npmjs.org/indexof/-/indexof-0.0.1.tgz",
      "integrity": "sha1-gtwzbSMrkGIXnQWrMpOmYFn9Q10="
    },
    "node_modules/inherits": {
      "version": "2.0.4",
      "resolved": "https://registry.npmjs.org/inherits/-/inherits-2.0.4.tgz",
      "integrity": "sha512-k/vGaX4/Yla3WzyMCvTQOXYeIHvqOKtnqBduzTHpzpQZzAskKMhZ2K+EnBiSM9zGSoIFeMpXKxa4dYeZIQqewQ=="
    },
    "node_modules/json-source-map": {
      "version": "0.6.1",
      "resolved": "https://registry.npmjs.org/json-source-map/-/json-source-map-0.6.1.tgz",
      "integrity": "sha512-1QoztHPsMQqhDq0hlXY5ZqcEdUzxQEIxgFkKl4WUp2pgShObl+9ovi4kRh2TfvAfxAoHOJ9vIMEqk3k4iex7tg=="
    },
    "node_modules/lodash": {
      "version": "4.17.21",
      "resolved": "https://registry.npmjs.org/lodash/-/lodash-4.17.21.tgz",
      "integrity": "sha512-v2kDEe57lecTulaDIuNTPy3Ry4gLGJ6Z1O3vE1krgXZNrsQ+LFTGHVxVjcXPs17LhbZVGedAJv8XZ1tvj5FvSg=="
    },
    "node_modules/matches-selector": {
      "version": "1.2.0",
      "resolved": "https://registry.npmjs.org/matches-selector/-/matches-selector-1.2.0.tgz",
      "integrity": "sha512-c4vLwYWyl+Ji+U43eU/G5FwxWd4ZH0ePUsFs5y0uwD9HUEFBXUQ1zUUan+78IpRD+y4pUfG0nAzNM292K7ItvA=="
    },
    "node_modules/min-dash": {
      "version": "3.8.0",
      "resolved": "https://registry.npmjs.org/min-dash/-/min-dash-3.8.0.tgz",
      "integrity": "sha512-a0TLbmL6p4RlNGblZcLd2yjPORp+bCYRlNGvwK5OMwWaMROWh1DlRgN9W8jJm2x9gVuscvD38BEosV7cnikKnw=="
    },
    "node_modules/min-dom": {
      "version": "3.1.3",
      "resolved": "https://registry.npmjs.org/min-dom/-/min-dom-3.1.3.tgz",
      "integrity": "sha512-Lbi1NZjLV9Hg6/bEe2Lfk2Fzsv1MwheR61whqTLP+FxLndYo9TxpksEgM5Kr1khjfCtFTMr0waeEfwIpStkRdw==",
      "dependencies": {
        "component-event": "^0.1.4",
        "domify": "^1.3.1",
        "indexof": "0.0.1",
        "matches-selector": "^1.2.0"
      }
    },
    "node_modules/mitt": {
      "version": "1.2.0",
      "resolved": "https://registry.npmjs.org/mitt/-/mitt-1.2.0.tgz",
      "integrity": "sha512-r6lj77KlwqLhIUku9UWYes7KJtsczvolZkzp8hbaDPPaE24OmWl5s539Mytlj22siEQKosZ26qCBgda2PKwoJw=="
    },
    "node_modules/moddle": {
      "version": "5.0.2",
      "resolved": "https://registry.npmjs.org/moddle/-/moddle-5.0.2.tgz",
      "integrity": "sha512-nBEyKt7sDw6MlM6e85lTCEXButw+p7hubEoRo/JyX+dBzDcGjDoktPuby9QE+ylW1ABZqNvRy8pK0h+23tIW2g==",
      "dependencies": {
        "min-dash": "^3.0.0"
      }
    },
    "node_modules/moddle-xml": {
      "version": "9.0.5",
      "resolved": "https://registry.npmjs.org/moddle-xml/-/moddle-xml-9.0.5.tgz",
      "integrity": "sha512-1t9N35ZMQZTYZmRDoh1mBVd0XwLB34BkBywNJ0+YlLLYxaDBjFR/I+fqwsY746ayYPBz6yNRg8JpLyFgNF+eHg==",
      "dependencies": {
        "min-dash": "^3.5.2",
        "moddle": "^5.0.2",
        "saxen": "^8.1.2"
      }
    },
    "node_modules/object-refs": {
      "version": "0.3.0",
      "resolved": "https://registry.npmjs.org/object-refs/-/object-refs-0.3.0.tgz",
      "integrity": "sha512-eP0ywuoWOaDoiake/6kTJlPJhs+k0qNm4nYRzXLNHj6vh+5M3i9R1epJTdxIPGlhWc4fNRQ7a6XJNCX+/L4FOQ=="
    },
    "node_modules/path-intersection": {
      "version": "2.2.1",
      "resolved": "https://registry.npmjs.org/path-intersection/-/path-intersection-2.2.1.tgz",
      "integrity": "sha512-9u8xvMcSfuOiStv9bPdnRJQhGQXLKurew94n4GPQCdH1nj9QKC9ObbNoIpiRq8skiOBxKkt277PgOoFgAt3/rA=="
    },
    "node_modules/saxen": {
      "version": "8.1.2",
      "resolved": "https://registry.npmjs.org/saxen/-/saxen-8.1.2.tgz",
      "integrity": "sha512-xUOiiFbc3Ow7p8KMxwsGICPx46ZQvy3+qfNVhrkwfz3Vvq45eGt98Ft5IQaA1R/7Tb5B5MKh9fUR9x3c3nDTxw=="
    },
    "node_modules/scroll-tabs": {
      "version": "1.0.1",
      "resolved": "https://registry.npmjs.org/scroll-tabs/-/scroll-tabs-1.0.1.tgz",
      "integrity": "sha512-W4xjEwNS4QAyQnaJ450vQTcKpbnalBAfsTDV926WrxEMOqjyj2To8uv2d0Cp0oxMdk5TkygtzXmctPNc2zgBcg==",
      "dependencies": {
        "min-dash": "^3.1.0",
        "min-dom": "^3.1.0",
        "mitt": "^1.1.3"
      }
    },
    "node_modules/selection-update": {
      "version": "0.1.2",
      "resolved": "https://registry.npmjs.org/selection-update/-/selection-update-0.1.2.tgz",
      "integrity": "sha1-gDoETcxu2rWjrmSPXwNX6JrWa5Y="
    },
    "node_modules/semver": {
      "version": "6.3.0",
      "resolved": "https://registry.npmjs.org/semver/-/semver-6.3.0.tgz",
      "integrity": "sha512-b39TBaTSfV6yBrapU89p5fKekE2m/NwnDocOVruQFS1/veMgdzuPcnOM34M6CwxW8jH/lxEa5rBoDeUwu5HHTw==",
      "bin": {
        "semver": "bin/semver.js"
      }
    },
    "node_modules/tiny-svg": {
      "version": "2.2.2",
      "resolved": "https://registry.npmjs.org/tiny-svg/-/tiny-svg-2.2.2.tgz",
      "integrity": "sha512-u6zCuMkDR/3VAh83X7hDRn/pi0XhwG2ycuNS0cTFtQjGdOG2tSvEb8ds65VeGWc3H6PUjJKeunueXqgkZqtMsg=="
    }
  },
  "dependencies": {
    "@bpmn-io/element-templates-validator": {
      "version": "0.2.0",
      "resolved": "https://registry.npmjs.org/@bpmn-io/element-templates-validator/-/element-templates-validator-0.2.0.tgz",
      "integrity": "sha512-/ogp0+6zUFdoiY09NYaHL5JtapB8zN1spG8hpML96qetXDCODRxnsqlHTvSwxtZHUDcgun+lxcK8b4wgtCP+6Q==",
      "requires": {
        "@camunda/element-templates-json-schema": "^0.4.0",
        "json-source-map": "^0.6.1",
        "min-dash": "^3.7.0"
      }
    },
    "@bpmn-io/extract-process-variables": {
      "version": "0.4.4",
      "resolved": "https://registry.npmjs.org/@bpmn-io/extract-process-variables/-/extract-process-variables-0.4.4.tgz",
      "integrity": "sha512-iStnEVSEtOlZoE3ADMImdwhOhxUjXFdwWsCmmJQlyWH5ISmdRvai0Cxuw0spQEYySgIwFsUB0h+ScOCdW6yEBQ==",
      "requires": {
        "min-dash": "^3.5.2"
      }
    },
    "@camunda/element-templates-json-schema": {
      "version": "0.4.0",
      "resolved": "https://registry.npmjs.org/@camunda/element-templates-json-schema/-/element-templates-json-schema-0.4.0.tgz",
      "integrity": "sha512-M5xW61ba7z2maBxfoT4c1bjuLD8OIL7863et/hULiNG6+R/B9CZ4Qze1juuIfXv4zpF2fYSuUsTPkTtiZrcspQ=="
    },
    "bpmn-js": {
      "version": "8.8.3",
      "resolved": "https://registry.npmjs.org/bpmn-js/-/bpmn-js-8.8.3.tgz",
      "integrity": "sha512-dmjXPQ3Tz3Stt8IqMWHj/v3ACsHTgGIYNq4UUwcyJOwPr4e8MIS9Cr99jtnt6L5ptVMDt8dqDWoj3FE3vg3Fog==",
      "requires": {
        "bpmn-moddle": "^7.1.2",
        "css.escape": "^1.5.1",
        "diagram-js": "^7.6.3",
        "diagram-js-direct-editing": "^1.6.3",
        "ids": "^1.0.0",
        "inherits": "^2.0.4",
        "min-dash": "^3.5.2",
        "min-dom": "^3.1.3",
        "object-refs": "^0.3.0",
        "tiny-svg": "^2.2.2"
      }
    },
    "bpmn-js-properties-panel": {
      "version": "0.46.0",
      "resolved": "https://registry.npmjs.org/bpmn-js-properties-panel/-/bpmn-js-properties-panel-0.46.0.tgz",
      "integrity": "sha512-8MlNvHklIZZQH9vtoKf0A0A1v0sHO4Iz19jGhHeX15czOOiCfdavjo+q23GHWNKzQA9347F91XYFcrnM6FO8zw==",
      "requires": {
        "@bpmn-io/element-templates-validator": "^0.2.0",
        "@bpmn-io/extract-process-variables": "^0.4.3",
        "ids": "^1.0.0",
        "inherits": "^2.0.1",
        "lodash": "^4.17.20",
        "min-dom": "^3.1.3",
        "scroll-tabs": "^1.0.1",
        "selection-update": "^0.1.2",
        "semver": "^6.3.0"
      }
    },
    "bpmn-moddle": {
      "version": "7.1.2",
      "resolved": "https://registry.npmjs.org/bpmn-moddle/-/bpmn-moddle-7.1.2.tgz",
      "integrity": "sha512-Sax4LokRCTqlg26njjULN3ZGtCmwH5gZVUZTRF0jwJk+YpMQhSfSoUECxjNv8OROoLxu8Z+MjdOHIxgvJf7KwA==",
      "requires": {
        "min-dash": "^3.5.2",
        "moddle": "^5.0.2",
        "moddle-xml": "^9.0.5"
      }
    },
    "camunda-bpmn-moddle": {
      "version": "6.1.1",
      "resolved": "https://registry.npmjs.org/camunda-bpmn-moddle/-/camunda-bpmn-moddle-6.1.1.tgz",
      "integrity": "sha512-HbYXm9lNPVnGfq4jRRtvR4YgRgw6hGwJ2wFIBghyOQ8fYsqUAPAZ4MJ1pQASZM+XpxmEyRTowc4SiHcAcFbDYw==",
      "requires": {
        "min-dash": "^3.5.2"
      }
    },
    "component-event": {
      "version": "0.1.4",
      "resolved": "https://registry.npmjs.org/component-event/-/component-event-0.1.4.tgz",
      "integrity": "sha1-PeePwoeCOBeH4kvyp8U2vwFCybQ="
    },
    "css.escape": {
      "version": "1.5.1",
      "resolved": "https://registry.npmjs.org/css.escape/-/css.escape-1.5.1.tgz",
      "integrity": "sha1-QuJ9T6BK4y+TGktNQZH6nN3ul8s="
    },
    "diagram-js": {
      "version": "7.8.1",
      "resolved": "https://registry.npmjs.org/diagram-js/-/diagram-js-7.8.1.tgz",
      "integrity": "sha512-Ziy5vTmB8V/kxuhgxQXdnNxSYnqlWxFrBih37MOOglDzyQ5mBIA8tFNssp/ncHpZmhTGC8sb54lYknovzyrrzg==",
      "requires": {
        "css.escape": "^1.5.1",
        "didi": "^5.2.1",
        "hammerjs": "^2.0.1",
        "inherits": "^2.0.4",
        "min-dash": "^3.5.2",
        "min-dom": "^3.1.3",
        "object-refs": "^0.3.0",
        "path-intersection": "^2.2.1",
        "tiny-svg": "^2.2.2"
      }
    },
    "diagram-js-direct-editing": {
      "version": "1.6.3",
      "resolved": "https://registry.npmjs.org/diagram-js-direct-editing/-/diagram-js-direct-editing-1.6.3.tgz",
      "integrity": "sha512-OwDpK4cNJ4QYuV855HvtZcB9/krfZRQ80uaE6bwaKbyb4584sD7nCtR5yWOyhJx4dIh1gMoqhF7d7G57M4tQVQ==",
      "requires": {
        "min-dash": "^3.5.2",
        "min-dom": "^3.1.3"
      }
    },
    "didi": {
      "version": "5.2.1",
      "resolved": "https://registry.npmjs.org/didi/-/didi-5.2.1.tgz",
      "integrity": "sha512-IKNnajUlD4lWMy/Q9Emkk7H1qnzREgY4UyE3IhmOi/9IKua0JYtYldk928bOdt1yNxN8EiOy1sqtSozEYsmjCg=="
    },
    "domify": {
      "version": "1.4.1",
      "resolved": "https://registry.npmjs.org/domify/-/domify-1.4.1.tgz",
      "integrity": "sha512-x18nuiDHMCZGXr4KJSRMf/TWYtiaRo6RX8KN9fEbW54mvbQ6pieUuerC2ahBg+kEp1wycFj8MPUI0WkIOw5E9w=="
    },
    "hammerjs": {
      "version": "2.0.8",
      "resolved": "https://registry.npmjs.org/hammerjs/-/hammerjs-2.0.8.tgz",
      "integrity": "sha1-BO93hiz/K7edMPdpIJWTAiK/YPE="
    },
    "ids": {
      "version": "1.0.0",
      "resolved": "https://registry.npmjs.org/ids/-/ids-1.0.0.tgz",
      "integrity": "sha512-Zvtq1xUto4LttpstyOlFum8lKx+i1OmRfg+6A9drFS9iSZsDPMHG4Sof/qwNR4kCU7jBeWFPrY2ocHxiz7cCRw=="
    },
    "indexof": {
      "version": "0.0.1",
      "resolved": "https://registry.npmjs.org/indexof/-/indexof-0.0.1.tgz",
      "integrity": "sha1-gtwzbSMrkGIXnQWrMpOmYFn9Q10="
    },
    "inherits": {
      "version": "2.0.4",
      "resolved": "https://registry.npmjs.org/inherits/-/inherits-2.0.4.tgz",
      "integrity": "sha512-k/vGaX4/Yla3WzyMCvTQOXYeIHvqOKtnqBduzTHpzpQZzAskKMhZ2K+EnBiSM9zGSoIFeMpXKxa4dYeZIQqewQ=="
    },
    "json-source-map": {
      "version": "0.6.1",
      "resolved": "https://registry.npmjs.org/json-source-map/-/json-source-map-0.6.1.tgz",
      "integrity": "sha512-1QoztHPsMQqhDq0hlXY5ZqcEdUzxQEIxgFkKl4WUp2pgShObl+9ovi4kRh2TfvAfxAoHOJ9vIMEqk3k4iex7tg=="
    },
    "lodash": {
      "version": "4.17.21",
      "resolved": "https://registry.npmjs.org/lodash/-/lodash-4.17.21.tgz",
      "integrity": "sha512-v2kDEe57lecTulaDIuNTPy3Ry4gLGJ6Z1O3vE1krgXZNrsQ+LFTGHVxVjcXPs17LhbZVGedAJv8XZ1tvj5FvSg=="
    },
    "matches-selector": {
      "version": "1.2.0",
      "resolved": "https://registry.npmjs.org/matches-selector/-/matches-selector-1.2.0.tgz",
      "integrity": "sha512-c4vLwYWyl+Ji+U43eU/G5FwxWd4ZH0ePUsFs5y0uwD9HUEFBXUQ1zUUan+78IpRD+y4pUfG0nAzNM292K7ItvA=="
    },
    "min-dash": {
      "version": "3.8.0",
      "resolved": "https://registry.npmjs.org/min-dash/-/min-dash-3.8.0.tgz",
      "integrity": "sha512-a0TLbmL6p4RlNGblZcLd2yjPORp+bCYRlNGvwK5OMwWaMROWh1DlRgN9W8jJm2x9gVuscvD38BEosV7cnikKnw=="
    },
    "min-dom": {
      "version": "3.1.3",
      "resolved": "https://registry.npmjs.org/min-dom/-/min-dom-3.1.3.tgz",
      "integrity": "sha512-Lbi1NZjLV9Hg6/bEe2Lfk2Fzsv1MwheR61whqTLP+FxLndYo9TxpksEgM5Kr1khjfCtFTMr0waeEfwIpStkRdw==",
      "requires": {
        "component-event": "^0.1.4",
        "domify": "^1.3.1",
        "indexof": "0.0.1",
        "matches-selector": "^1.2.0"
      }
    },
    "mitt": {
      "version": "1.2.0",
      "resolved": "https://registry.npmjs.org/mitt/-/mitt-1.2.0.tgz",
      "integrity": "sha512-r6lj77KlwqLhIUku9UWYes7KJtsczvolZkzp8hbaDPPaE24OmWl5s539Mytlj22siEQKosZ26qCBgda2PKwoJw=="
    },
    "moddle": {
      "version": "5.0.2",
      "resolved": "https://registry.npmjs.org/moddle/-/moddle-5.0.2.tgz",
      "integrity": "sha512-nBEyKt7sDw6MlM6e85lTCEXButw+p7hubEoRo/JyX+dBzDcGjDoktPuby9QE+ylW1ABZqNvRy8pK0h+23tIW2g==",
      "requires": {
        "min-dash": "^3.0.0"
      }
    },
    "moddle-xml": {
      "version": "9.0.5",
      "resolved": "https://registry.npmjs.org/moddle-xml/-/moddle-xml-9.0.5.tgz",
      "integrity": "sha512-1t9N35ZMQZTYZmRDoh1mBVd0XwLB34BkBywNJ0+YlLLYxaDBjFR/I+fqwsY746ayYPBz6yNRg8JpLyFgNF+eHg==",
      "requires": {
        "min-dash": "^3.5.2",
        "moddle": "^5.0.2",
        "saxen": "^8.1.2"
      }
    },
    "object-refs": {
      "version": "0.3.0",
      "resolved": "https://registry.npmjs.org/object-refs/-/object-refs-0.3.0.tgz",
      "integrity": "sha512-eP0ywuoWOaDoiake/6kTJlPJhs+k0qNm4nYRzXLNHj6vh+5M3i9R1epJTdxIPGlhWc4fNRQ7a6XJNCX+/L4FOQ=="
    },
    "path-intersection": {
      "version": "2.2.1",
      "resolved": "https://registry.npmjs.org/path-intersection/-/path-intersection-2.2.1.tgz",
      "integrity": "sha512-9u8xvMcSfuOiStv9bPdnRJQhGQXLKurew94n4GPQCdH1nj9QKC9ObbNoIpiRq8skiOBxKkt277PgOoFgAt3/rA=="
    },
    "saxen": {
      "version": "8.1.2",
      "resolved": "https://registry.npmjs.org/saxen/-/saxen-8.1.2.tgz",
      "integrity": "sha512-xUOiiFbc3Ow7p8KMxwsGICPx46ZQvy3+qfNVhrkwfz3Vvq45eGt98Ft5IQaA1R/7Tb5B5MKh9fUR9x3c3nDTxw=="
    },
    "scroll-tabs": {
      "version": "1.0.1",
      "resolved": "https://registry.npmjs.org/scroll-tabs/-/scroll-tabs-1.0.1.tgz",
      "integrity": "sha512-W4xjEwNS4QAyQnaJ450vQTcKpbnalBAfsTDV926WrxEMOqjyj2To8uv2d0Cp0oxMdk5TkygtzXmctPNc2zgBcg==",
      "requires": {
        "min-dash": "^3.1.0",
        "min-dom": "^3.1.0",
        "mitt": "^1.1.3"
      }
    },
    "selection-update": {
      "version": "0.1.2",
      "resolved": "https://registry.npmjs.org/selection-update/-/selection-update-0.1.2.tgz",
      "integrity": "sha1-gDoETcxu2rWjrmSPXwNX6JrWa5Y="
    },
    "semver": {
      "version": "6.3.0",
      "resolved": "https://registry.npmjs.org/semver/-/semver-6.3.0.tgz",
      "integrity": "sha512-b39TBaTSfV6yBrapU89p5fKekE2m/NwnDocOVruQFS1/veMgdzuPcnOM34M6CwxW8jH/lxEa5rBoDeUwu5HHTw=="
    },
    "tiny-svg": {
      "version": "2.2.2",
      "resolved": "https://registry.npmjs.org/tiny-svg/-/tiny-svg-2.2.2.tgz",
      "integrity": "sha512-u6zCuMkDR/3VAh83X7hDRn/pi0XhwG2ycuNS0cTFtQjGdOG2tSvEb8ds65VeGWc3H6PUjJKeunueXqgkZqtMsg=="
    }
  }
}
